<Solution>
  <Project Path="Test/Test.csproj" Id="9bc5afeb-c016-499f-8f19-ead82bcef7f9" />
  <Project Path="ThabeSoft.Ddd.Abstractions/ThabeSoft.Ddd.Abstractions.csproj" />
  <Project Path="ThabeSoft.Ddd.Domain/ThabeSoft.Ddd.Domain.csproj" />
  <Project Path="ThabeSoft.Ddd.Infrastructure.EfCore/ThabeSoft.Ddd.Infrastructure.EfCore.csproj" />
</Solution>
